// !$*UTF8*$!
{
	archiveVersion = 1;
	classes = {
	};
	objectVersion = 56;
	objects = {

/* Begin PBXBuildFile section */
		882EE5152D3A71610095AECA /* AppDelegate.swift in Sources */ = {isa = PBXBuildFile; fileRef = 882EE5142D3A71610095AECA /* AppDelegate.swift */; };
		882EE5172D3A71610095AECA /* SceneDelegate.swift in Sources */ = {isa = PBXBuildFile; fileRef = 882EE5162D3A71610095AECA /* SceneDelegate.swift */; };
		882EE5192D3A71610095AECA /* ViewController.swift in Sources */ = {isa = PBXBuildFile; fileRef = 882EE5182D3A71610095AECA /* ViewController.swift */; };
		882EE51C2D3A71610095AECA /* Main.storyboard in Resources */ = {isa = PBXBuildFile; fileRef = 882EE51A2D3A71610095AECA /* Main.storyboard */; };
		882EE51E2D3A71630095AECA /* Assets.xcassets in Resources */ = {isa = PBXBuildFile; fileRef = 882EE51D2D3A71630095AECA /* Assets.xcassets */; };
		882EE5212D3A71630095AECA /* LaunchScreen.storyboard in Resources */ = {isa = PBXBuildFile; fileRef = 882EE51F2D3A71630095AECA /* LaunchScreen.storyboard */; };
		882EE52A2D3A72250095AECA /* EqualizerView.swift in Sources */ = {isa = PBXBuildFile; fileRef = 882EE5292D3A72250095AECA /* EqualizerView.swift */; };
		882EE5302D3A77400095AECA /* UIView + Extentions.swift in Sources */ = {isa = PBXBuildFile; fileRef = 882EE52F2D3A77400095AECA /* UIView + Extentions.swift */; };
/* End PBXBuildFile section */

/* Begin PBXFileReference section */
		882EE5112D3A71610095AECA /* SoundWaveVisualizer.app */ = {isa = PBXFileReference; explicitFileType = wrapper.application; includeInIndex = 0; path = SoundWaveVisualizer.app; sourceTree = BUILT_PRODUCTS_DIR; };
		882EE5142D3A71610095AECA /* AppDelegate.swift */ = {isa = PBXFileReference; lastKnownFileType = sourcecode.swift; path = AppDelegate.swift; sourceTree = "<group>"; };
		882EE5162D3A71610095AECA /* SceneDelegate.swift */ = {isa = PBXFileReference; lastKnownFileType = sourcecode.swift; path = SceneDelegate.swift; sourceTree = "<group>"; };
		882EE5182D3A71610095AECA /* ViewController.swift */ = {isa = PBXFileReference; lastKnownFileType = sourcecode.swift; path = ViewController.swift; sourceTree = "<group>"; };
		882EE51B2D3A71610095AECA /* Base */ = {isa = PBXFileReference; lastKnownFileType = file.storyboard; name = Base; path = Base.lproj/Main.storyboard; sourceTree = "<group>"; };
		882EE51D2D3A71630095AECA /* Assets.xcassets */ = {isa = PBXFileReference; lastKnownFileType = folder.assetcatalog; path = Assets.xcassets; sourceTree = "<group>"; };
		882EE5202D3A71630095AECA /* Base */ = {isa = PBXFileReference; lastKnownFileType = file.storyboard; name = Base; path = Base.lproj/LaunchScreen.storyboard; sourceTree = "<group>"; };
		882EE5222D3A71630095AECA /* Info.plist */ = {isa = PBXFileReference; lastKnownFileType = text.plist.xml; path = Info.plist; sourceTree = "<group>"; };
		882EE5292D3A72250095AECA /* EqualizerView.swift */ = {isa = PBXFileReference; fileEncoding = 4; lastKnownFileType = sourcecode.swift; path = EqualizerView.swift; sourceTree = "<group>"; };
		882EE52F2D3A77400095AECA /* UIView + Extentions.swift */ = {isa = PBXFileReference; fileEncoding = 4; lastKnownFileType = sourcecode.swift; path = "UIView + Extentions.swift"; sourceTree = "<group>"; };
/* End PBXFileReference section */

/* Begin PBXFrameworksBuildPhase section */
		882EE50E2D3A71610095AECA /* Frameworks */ = {
			isa = PBXFrameworksBuildPhase;
			buildActionMask = 2147483647;
			files = (
			);
			runOnlyForDeploymentPostprocessing = 0;
		};
/* End PBXFrameworksBuildPhase section */

/* Begin PBXGroup section */
		882EE5082D3A71610095AECA = {
			isa = PBXGroup;
			children = (
				882EE5132D3A71610095AECA /* SoundWaveVisualizer */,
				882EE5122D3A71610095AECA /* Products */,
			);
			sourceTree = "<group>";
		};
		882EE5122D3A71610095AECA /* Products */ = {
			isa = PBXGroup;
			children = (
				882EE5112D3A71610095AECA /* SoundWaveVisualizer.app */,
			);
			name = Products;
			sourceTree = "<group>";
		};
		882EE5132D3A71610095AECA /* SoundWaveVisualizer */ = {
			isa = PBXGroup;
			children = (
				882EE5142D3A71610095AECA /* AppDelegate.swift */,
				882EE5162D3A71610095AECA /* SceneDelegate.swift */,
				882EE52B2D3A74960095AECA /* Controller */,
				882EE52C2D3A74A10095AECA /* View */,
				882EE5282D3A72250095AECA /* EqualizerView */,
				882EE52D2D3A74B00095AECA /* Resources */,
				882EE52E2D3A77400095AECA /* Extensions */,
				882EE5222D3A71630095AECA /* Info.plist */,
			);
			path = SoundWaveVisualizer;
			sourceTree = "<group>";
		};
		882EE5282D3A72250095AECA /* EqualizerView */ = {
			isa = PBXGroup;
			children = (
				882EE5292D3A72250095AECA /* EqualizerView.swift */,
			);
			path = EqualizerView;
			sourceTree = "<group>";
		};
		882EE52B2D3A74960095AECA /* Controller */ = {
			isa = PBXGroup;
			children = (
				882EE5182D3A71610095AECA /* ViewController.swift */,
			);
			path = Controller;
			sourceTree = "<group>";
		};
		882EE52C2D3A74A10095AECA /* View */ = {
			isa = PBXGroup;
			children = (
				882EE51A2D3A71610095AECA /* Main.storyboard */,
				882EE51F2D3A71630095AECA /* LaunchScreen.storyboard */,
			);
			path = View;
			sourceTree = "<group>";
		};
		882EE52D2D3A74B00095AECA /* Resources */ = {
			isa = PBXGroup;
			children = (
				882EE51D2D3A71630095AECA /* Assets.xcassets */,
			);
			path = Resources;
			sourceTree = "<group>";
		};
		882EE52E2D3A77400095AECA /* Extensions */ = {
			isa = PBXGroup;
			children = (
				882EE52F2D3A77400095AECA /* UIView + Extentions.swift */,
			);
			path = Extensions;
			sourceTree = "<group>";
		};
/* End PBXGroup section */

/* Begin PBXNativeTarget section */
		882EE5102D3A71610095AECA /* SoundWaveVisualizer */ = {
			isa = PBXNativeTarget;
			buildConfigurationList = 882EE5252D3A71630095AECA /* Build configuration list for PBXNativeTarget "SoundWaveVisualizer" */;
			buildPhases = (
				882EE50D2D3A71610095AECA /* Sources */,
				882EE50E2D3A71610095AECA /* Frameworks */,
				882EE50F2D3A71610095AECA /* Resources */,
			);
			buildRules = (
			);
			dependencies = (
			);
			name = SoundWaveVisualizer;
			productName = SoundWaveVisualizer;
			productReference = 882EE5112D3A71610095AECA /* SoundWaveVisualizer.app */;
			productType = "com.apple.product-type.application";
		};
/* End PBXNativeTarget section */

/* Begin PBXProject section */
		882EE5092D3A71610095AECA /* Project object */ = {
			isa = PBXProject;
			attributes = {
				BuildIndependentTargetsInParallel = 1;
				LastSwiftUpdateCheck = 1520;
				LastUpgradeCheck = 1520;
				TargetAttributes = {
					882EE5102D3A71610095AECA = {
						CreatedOnToolsVersion = 15.2;
					};
				};
			};
			buildConfigurationList = 882EE50C2D3A71610095AECA /* Build configuration list for PBXProject "SoundWaveVisualizer" */;
			compatibilityVersion = "Xcode 14.0";
			developmentRegion = en;
			hasScannedForEncodings = 0;
			knownRegions = (
				en,
				Base,
			);
			mainGroup = 882EE5082D3A71610095AECA;
			productRefGroup = 882EE5122D3A71610095AECA /* Products */;
			projectDirPath = "";
			projectRoot = "";
			targets = (
				882EE5102D3A71610095AECA /* SoundWaveVisualizer */,
			);
		};
/* End PBXProject section */

/* Begin PBXResourcesBuildPhase section */
		882EE50F2D3A71610095AECA /* Resources */ = {
			isa = PBXResourcesBuildPhase;
			buildActionMask = 2147483647;
			files = (
				882EE5212D3A71630095AECA /* LaunchScreen.storyboard in Resources */,
				882EE51E2D3A71630095AECA /* Assets.xcassets in Resources */,
				882EE51C2D3A71610095AECA /* Main.storyboard in Resources */,
			);
			runOnlyForDeploymentPostprocessing = 0;
		};
/* End PBXResourcesBuildPhase section */

/* Begin PBXSourcesBuildPhase section */
		882EE50D2D3A71610095AECA /* Sources */ = {
			isa = PBXSourcesBuildPhase;
			buildActionMask = 2147483647;
			files = (
				882EE5192D3A71610095AECA /* ViewController.swift in Sources */,
				882EE5152D3A71610095AECA /* AppDelegate.swift in Sources */,
				882EE5302D3A77400095AECA /* UIView + Extentions.swift in Sources */,
				882EE5172D3A71610095AECA /* SceneDelegate.swift in Sources */,
				882EE52A2D3A72250095AECA /* EqualizerView.swift in Sources */,
			);
			runOnlyForDeploymentPostprocessing = 0;
		};
/* End PBXSourcesBuildPhase section */

/* Begin PBXVariantGroup section */
		882EE51A2D3A71610095AECA /* Main.storyboard */ = {
			isa = PBXVariantGroup;
			children = (
				882EE51B2D3A71610095AECA /* Base */,
			);
			name = Main.storyboard;
			sourceTree = "<group>";
		};
		882EE51F2D3A71630095AECA /* LaunchScreen.storyboard */ = {
			isa = PBXVariantGroup;
			children = (
				882EE5202D3A71630095AECA /* Base */,
			);
			name = LaunchScreen.storyboard;
			sourceTree = "<group>";
		};
/* End PBXVariantGroup section */

/* Begin XCBuildConfiguration section */
		882EE5232D3A71630095AECA /* Debug */ = {
			isa = XCBuildConfiguration;
			buildSettings = {
				ALWAYS_SEARCH_USER_PATHS = NO;
				ASSETCATALOG_COMPILER_GENERATE_SWIFT_ASSET_SYMBOL_EXTENSIONS = YES;
				CLANG_ANALYZER_NONNULL = YES;
				CLANG_ANALYZER_NUMBER_OBJECT_CONVERSION = YES_AGGRESSIVE;
				CLANG_CXX_LANGUAGE_STANDARD = "gnu++20";
				CLANG_ENABLE_MODULES = YES;
				CLANG_ENABLE_OBJC_ARC = YES;
				CLANG_ENABLE_OBJC_WEAK = YES;
				CLANG_WARN_BLOCK_CAPTURE_AUTORELEASING = YES;
				CLANG_WARN_BOOL_CONVERSION = YES;
				CLANG_WARN_COMMA = YES;
				CLANG_WARN_CONSTANT_CONVERSION = YES;
				CLANG_WARN_DEPRECATED_OBJC_IMPLEMENTATIONS = YES;
				CLANG_WARN_DIRECT_OBJC_ISA_USAGE = YES_ERROR;
				CLANG_WARN_DOCUMENTATION_COMMENTS = YES;
				CLANG_WARN_EMPTY_BODY = YES;
				CLANG_WARN_ENUM_CONVERSION = YES;
				CLANG_WARN_INFINITE_RECURSION = YES;
				CLANG_WARN_INT_CONVERSION = YES;
				CLANG_WARN_NON_LITERAL_NULL_CONVERSION = YES;
				CLANG_WARN_OBJC_IMPLICIT_RETAIN_SELF = YES;
				CLANG_WARN_OBJC_LITERAL_CONVERSION = YES;
				CLANG_WARN_OBJC_ROOT_CLASS = YES_ERROR;
				CLANG_WARN_QUOTED_INCLUDE_IN_FRAMEWORK_HEADER = YES;
				CLANG_WARN_RANGE_LOOP_ANALYSIS = YES;
				CLANG_WARN_STRICT_PROTOTYPES = YES;
				CLANG_WARN_SUSPICIOUS_MOVE = YES;
				CLANG_WARN_UNGUARDED_AVAILABILITY = YES_AGGRESSIVE;
				CLANG_WARN_UNREACHABLE_CODE = YES;
				CLANG_WARN__DUPLICATE_METHOD_MATCH = YES;
				COPY_PHASE_STRIP = NO;
				DEBUG_INFORMATION_FORMAT = dwarf;
				ENABLE_STRICT_OBJC_MSGSEND = YES;
				ENABLE_TESTABILITY = YES;
				ENABLE_USER_SCRIPT_SANDBOXING = YES;
				GCC_C_LANGUAGE_STANDARD = gnu17;
				GCC_DYNAMIC_NO_PIC = NO;
				GCC_NO_COMMON_BLOCKS = YES;
				GCC_OPTIMIZATION_LEVEL = 0;
				GCC_PREPROCESSOR_DEFINITIONS = (
					"DEBUG=1",
					"$(inherited)",
				);
				GCC_WARN_64_TO_32_BIT_CONVERSION = YES;
				GCC_WARN_ABOUT_RETURN_TYPE = YES_ERROR;
				GCC_WARN_UNDECLARED_SELECTOR = YES;
				GCC_WARN_UNINITIALIZED_AUTOS = YES_AGGRESSIVE;
				GCC_WARN_UNUSED_FUNCTION = YES;
				GCC_WARN_UNUSED_VARIABLE = YES;
				IPHONEOS_DEPLOYMENT_TARGET = 17.2;
				LOCALIZATION_PREFERS_STRING_CATALOGS = YES;
				MTL_ENABLE_DEBUG_INFO = INCLUDE_SOURCE;
				MTL_FAST_MATH = YES;
				ONLY_ACTIVE_ARCH = YES;
				SDKROOT = iphoneos;
				SWIFT_ACTIVE_COMPILATION_CONDITIONS = "DEBUG $(inherited)";
				SWIFT_OPTIMIZATION_LEVEL = "-Onone";
			};
			name = Debug;
		};
		882EE5242D3A71630095AECA /* Release */ = {
			isa = XCBuildConfiguration;
			buildSettings = {
				ALWAYS_SEARCH_USER_PATHS = NO;
				ASSETCATALOG_COMPILER_GENERATE_SWIFT_ASSET_SYMBOL_EXTENSIONS = YES;
				CLANG_ANALYZER_NONNULL = YES;
				CLANG_ANALYZER_NUMBER_OBJECT_CONVERSION = YES_AGGRESSIVE;
				CLANG_CXX_LANGUAGE_STANDARD = "gnu++20";
				CLANG_ENABLE_MODULES = YES;
				CLANG_ENABLE_OBJC_ARC = YES;
				CLANG_ENABLE_OBJC_WEAK = YES;
				CLANG_WARN_BLOCK_CAPTURE_AUTORELEASING = YES;
				CLANG_WARN_BOOL_CONVERSION = YES;
				CLANG_WARN_COMMA = YES;
				CLANG_WARN_CONSTANT_CONVERSION = YES;
				CLANG_WARN_DEPRECATED_OBJC_IMPLEMENTATIONS = YES;
				CLANG_WARN_DIRECT_OBJC_ISA_USAGE = YES_ERROR;
				CLANG_WARN_DOCUMENTATION_COMMENTS = YES;
				CLANG_WARN_EMPTY_BODY = YES;
				CLANG_WARN_ENUM_CONVERSION = YES;
				CLANG_WARN_INFINITE_RECURSION = YES;
				CLANG_WARN_INT_CONVERSION = YES;
				CLANG_WARN_NON_LITERAL_NULL_CONVERSION = YES;
				CLANG_WARN_OBJC_IMPLICIT_RETAIN_SELF = YES;
				CLANG_WARN_OBJC_LITERAL_CONVERSION = YES;
				CLANG_WARN_OBJC_ROOT_CLASS = YES_ERROR;
				CLANG_WARN_QUOTED_INCLUDE_IN_FRAMEWORK_HEADER = YES;
				CLANG_WARN_RANGE_LOOP_ANALYSIS = YES;
				CLANG_WARN_STRICT_PROTOTYPES = YES;
				CLANG_WARN_SUSPICIOUS_MOVE = YES;
				CLANG_WARN_UNGUARDED_AVAILABILITY = YES_AGGRESSIVE;
				CLANG_WARN_UNREACHABLE_CODE = YES;
				CLANG_WARN__DUPLICATE_METHOD_MATCH = YES;
				COPY_PHASE_STRIP = NO;
				DEBUG_INFORMATION_FORMAT = "dwarf-with-dsym";
				ENABLE_NS_ASSERTIONS = NO;
				ENABLE_STRICT_OBJC_MSGSEND = YES;
				ENABLE_USER_SCRIPT_SANDBOXING = YES;
				GCC_C_LANGUAGE_STANDARD = gnu17;
				GCC_NO_COMMON_BLOCKS = YES;
				GCC_WARN_64_TO_32_BIT_CONVERSION = YES;
				GCC_WARN_ABOUT_RETURN_TYPE = YES_ERROR;
				GCC_WARN_UNDECLARED_SELECTOR = YES;
				GCC_WARN_UNINITIALIZED_AUTOS = YES_AGGRESSIVE;
				GCC_WARN_UNUSED_FUNCTION = YES;
				GCC_WARN_UNUSED_VARIABLE = YES;
				IPHONEOS_DEPLOYMENT_TARGET = 17.2;
				LOCALIZATION_PREFERS_STRING_CATALOGS = YES;
				MTL_ENABLE_DEBUG_INFO = NO;
				MTL_FAST_MATH = YES;
				SDKROOT = iphoneos;
				SWIFT_COMPILATION_MODE = wholemodule;
				VALIDATE_PRODUCT = YES;
			};
			name = Release;
		};
		882EE5262D3A71630095AECA /* Debug */ = {
			isa = XCBuildConfiguration;
			buildSettings = {
				ASSETCATALOG_COMPILER_APPICON_NAME = AppIcon;
				ASSETCATALOG_COMPILER_GLOBAL_ACCENT_COLOR_NAME = AccentColor;
				CODE_SIGN_STYLE = Automatic;
				CURRENT_PROJECT_VERSION = 1;
				GENERATE_INFOPLIST_FILE = YES;
				INFOPLIST_FILE = SoundWaveVisualizer/Info.plist;
				INFOPLIST_KEY_UIApplicationSupportsIndirectInputEvents = YES;
				INFOPLIST_KEY_UILaunchStoryboardName = LaunchScreen;
				INFOPLIST_KEY_UIMainStoryboardFile = Main;
				INFOPLIST_KEY_UISupportedInterfaceOrientations_iPad = "UIInterfaceOrientationPortrait UIInterfaceOrientationPortraitUpsideDown UIInterfaceOrientationLandscapeLeft UIInterfaceOrientationLandscapeRight";
				INFOPLIST_KEY_UISupportedInterfaceOrientations_iPhone = "UIInterfaceOrientationPortrait UIInterfaceOrientationLandscapeLeft UIInterfaceOrientationLandscapeRight";
				LD_RUNPATH_SEARCH_PATHS = (
					"$(inherited)",
					"@executable_path/Frameworks",
				);
				MARKETING_VERSION = 1.0;
				PRODUCT_BUNDLE_IDENTIFIER = "com.jaydeep-godhani.SoundWaveVisualizer";
				PRODUCT_NAME = "$(TARGET_NAME)";
				SWIFT_EMIT_LOC_STRINGS = YES;
				SWIFT_VERSION = 5.0;
				TARGETED_DEVICE_FAMILY = "1,2";
			};
			name = Debug;
		};
		882EE5272D3A71630095AECA /* Release */ = {
			isa = XCBuildConfiguration;
			buildSettings = {
				ASSETCATALOG_COMPILER_APPICON_NAME = AppIcon;
				ASSETCATALOG_COMPILER_GLOBAL_ACCENT_COLOR_NAME = AccentColor;
				CODE_SIGN_STYLE = Automatic;
				CURRENT_PROJECT_VERSION = 1;
				GENERATE_INFOPLIST_FILE = YES;
				INFOPLIST_FILE = SoundWaveVisualizer/Info.plist;
				INFOPLIST_KEY_UIApplicationSupportsIndirectInputEvents = YES;
				INFOPLIST_KEY_UILaunchStoryboardName = LaunchScreen;
				INFOPLIST_KEY_UIMainStoryboardFile = Main;
				INFOPLIST_KEY_UISupportedInterfaceOrientations_iPad = "UIInterfaceOrientationPortrait UIInterfaceOrientationPortraitUpsideDown UIInterfaceOrientationLandscapeLeft UIInterfaceOrientationLandscapeRight";
				INFOPLIST_KEY_UISupportedInterfaceOrientations_iPhone = "UIInterfaceOrientationPortrait UIInterfaceOrientationLandscapeLeft UIInterfaceOrientationLandscapeRight";
				LD_RUNPATH_SEARCH_PATHS = (
					"$(inherited)",
					"@executable_path/Frameworks",
				);
				MARKETING_VERSION = 1.0;
				PRODUCT_BUNDLE_IDENTIFIER = "com.jaydeep-godhani.SoundWaveVisualizer";
				PRODUCT_NAME = "$(TARGET_NAME)";
				SWIFT_EMIT_LOC_STRINGS = YES;
				SWIFT_VERSION = 5.0;
				TARGETED_DEVICE_FAMILY = "1,2";
			};
			name = Release;
		};
/* End XCBuildConfiguration section */

/* Begin XCConfigurationList section */
		882EE50C2D3A71610095AECA /* Build configuration list for PBXProject "SoundWaveVisualizer" */ = {
			isa = XCConfigurationList;
			buildConfigurations = (
				882EE5232D3A71630095AECA /* Debug */,
				882EE5242D3A71630095AECA /* Release */,
			);
			defaultConfigurationIsVisible = 0;
			defaultConfigurationName = Release;
		};
		882EE5252D3A71630095AECA /* Build configuration list for PBXNativeTarget "SoundWaveVisualizer" */ = {
			isa = XCConfigurationList;
			buildConfigurations = (
				882EE5262D3A71630095AECA /* Debug */,
				882EE5272D3A71630095AECA /* Release */,
			);
			defaultConfigurationIsVisible = 0;
			defaultConfigurationName = Release;
		};
/* End XCConfigurationList section */
	};
	rootObject = 882EE5092D3A71610095AECA /* Project object */;
}
